PODS:
  - ActionSheetPicker-3.0 (2.3.0)
  - Alamofire (4.7.2)
  - DateToolsSwift (4.0.0)
  - Moya (11.0.2):
    - Moya/Core (= 11.0.2)
  - Moya/Core (11.0.2):
    - Alamofire (~> 4.1)
    - Result (~> 3.0)
  - Realm (3.5.0):
    - Realm/Headers (= 3.5.0)
  - Realm/Headers (3.5.0)
  - RealmSwift (3.5.0):
    - Realm (= 3.5.0)
  - Result (3.2.4)

DEPENDENCIES:
  - ActionSheetPicker-3.0
  - Alamofire
  - DateToolsSwift
  - Moya
  - RealmSwift

SPEC REPOS:
  https://github.com/CocoaPods/Specs.git:
    - ActionSheetPicker-3.0
    - Alamofire
    - DateToolsSwift
    - Moya
    - Realm
    - RealmSwift
    - Result

SPEC CHECKSUMS:
  ActionSheetPicker-3.0: eef157d75e151f255c5333d26656c7fbfe905a51
  Alamofire: e4fa87002c137ba2d8d634d2c51fabcda0d5c223
  DateToolsSwift: 875d97ff9e3a5d54abdd67a269b3f51c757b71ab
  Moya: a725035953bc1c0eb1be505ab903984501d82440
  Realm: 0378021c424e4e2bd6a0e63b27881e929d9b9ad1
  RealmSwift: 3322562622fda2ad596985ead4d8d8be30cf838c
  Result: d2d07204ce72856f1fd9130bbe42c35a7b0fea10

PODFILE CHECKSUM: f410fa80c29510f6de3e3357f17e14b0f27930c9

COCOAPODS: 1.5.0
